
Microsoft Visual Studio Solution File, Format Version 12.00
# Visual Studio Version 17
VisualStudioVersion = 17.11.35327.3
MinimumVisualStudioVersion = 10.0.40219.1
Project("{FAE04EC0-301F-11D3-BF4B-00C04F79EFBC}") = "DBStressSimulator", "DBStressSimulator\DBStressSimulator.csproj", "{4268CE0D-2FB2-41FC-8766-C30A2D7CEB17}"
EndProject
Global
	GlobalSection(SolutionConfigurationPlatforms) = preSolution
		Debug|Any CPU = Debug|Any CPU
		Release|Any CPU = Release|Any CPU
	EndGlobalSection
	GlobalSection(ProjectConfigurationPlatforms) = postSolution
		{4268CE0D-2FB2-41FC-8766-C30A2D7CEB17}.Debug|Any CPU.ActiveCfg = Debug|Any CPU
		{4268CE0D-2FB2-41FC-8766-C30A2D7CEB17}.Debug|Any CPU.Build.0 = Debug|Any CPU
		{4268CE0D-2FB2-41FC-8766-C30A2D7CEB17}.Release|Any CPU.ActiveCfg = Release|Any CPU
		{4268CE0D-2FB2-41FC-8766-C30A2D7CEB17}.Release|Any CPU.Build.0 = Release|Any CPU
	EndGlobalSection
	GlobalSection(SolutionProperties) = preSolution
		HideSolutionNode = FALSE
	EndGlobalSection
	GlobalSection(ExtensibilityGlobals) = postSolution
		SolutionGuid = {D3718A36-4AC2-40FA-AB92-009D945DC34F}
	EndGlobalSection
EndGlobal
